
Microsoft Visual Studio Solution File, Format Version 12.00
# Visual Studio Version 17
VisualStudioVersion = 17.0.32014.148
MinimumVisualStudioVersion = 10.0.40219.1
Project("{FAE04EC0-301F-11D3-BF4B-00C04F79EFBC}") = "AreaofaCircleConsoleApp", "AreaofaCircleConsoleApp.csproj", "{6905EDFE-CC2F-407C-A71B-45240D2DF06D}"
EndProject
Global
	GlobalSection(SolutionConfigurationPlatforms) = preSolution
		Debug|Any CPU = Debug|Any CPU
		Release|Any CPU = Release|Any CPU
	EndGlobalSection
	GlobalSection(ProjectConfigurationPlatforms) = postSolution
		{6905EDFE-CC2F-407C-A71B-45240D2DF06D}.Debug|Any CPU.ActiveCfg = Debug|Any CPU
		{6905EDFE-CC2F-407C-A71B-45240D2DF06D}.Debug|Any CPU.Build.0 = Debug|Any CPU
		{6905EDFE-CC2F-407C-A71B-45240D2DF06D}.Release|Any CPU.ActiveCfg = Release|Any CPU
		{6905EDFE-CC2F-407C-A71B-45240D2DF06D}.Release|Any CPU.Build.0 = Release|Any CPU
	EndGlobalSection
	GlobalSection(SolutionProperties) = preSolution
		HideSolutionNode = FALSE
	EndGlobalSection
	GlobalSection(ExtensibilityGlobals) = postSolution
		SolutionGuid = {BD378623-6F7F-4859-817D-10FB65361BC5}
	EndGlobalSection
EndGlobal
